
Microsoft Visual Studio Solution File, Format Version 12.00
# Visual Studio 15
VisualStudioVersion = 15.0.26730.12
MinimumVisualStudioVersion = 10.0.40219.1
Project("{A07B5EB6-E848-4116-A8D0-A826331D98C6}") = "Jenkins.DemoServices", "Jenkins.DemoServices\Jenkins.DemoServices.sfproj", "{D3703B4E-21DA-4915-A385-E59002C54ACA}"
EndProject
Project("{FAE04EC0-301F-11D3-BF4B-00C04F79EFBC}") = "Calculator", "Calculator\Calculator.csproj", "{44A04A02-EF09-4008-A8DF-3E7D823060E6}"
EndProject
Project("{FAE04EC0-301F-11D3-BF4B-00C04F79EFBC}") = "UnitTest", "UnitTest\UnitTest.csproj", "{FEBE445F-46AD-40D4-B620-3E4DF21D4BBB}"
EndProject
Global
	GlobalSection(SolutionConfigurationPlatforms) = preSolution
		Debug|Any CPU = Debug|Any CPU
		Debug|x64 = Debug|x64
		Release|Any CPU = Release|Any CPU
		Release|x64 = Release|x64
	EndGlobalSection
	GlobalSection(ProjectConfigurationPlatforms) = postSolution
		{D3703B4E-21DA-4915-A385-E59002C54ACA}.Debug|Any CPU.ActiveCfg = Debug|x64
		{D3703B4E-21DA-4915-A385-E59002C54ACA}.Debug|x64.ActiveCfg = Debug|x64
		{D3703B4E-21DA-4915-A385-E59002C54ACA}.Debug|x64.Build.0 = Debug|x64
		{D3703B4E-21DA-4915-A385-E59002C54ACA}.Debug|x64.Deploy.0 = Debug|x64
		{D3703B4E-21DA-4915-A385-E59002C54ACA}.Release|Any CPU.ActiveCfg = Release|x64
		{D3703B4E-21DA-4915-A385-E59002C54ACA}.Release|x64.ActiveCfg = Release|x64
		{D3703B4E-21DA-4915-A385-E59002C54ACA}.Release|x64.Build.0 = Release|x64
		{D3703B4E-21DA-4915-A385-E59002C54ACA}.Release|x64.Deploy.0 = Release|x64
		{44A04A02-EF09-4008-A8DF-3E7D823060E6}.Debug|Any CPU.ActiveCfg = Debug|x64
		{44A04A02-EF09-4008-A8DF-3E7D823060E6}.Debug|x64.ActiveCfg = Debug|x64
		{44A04A02-EF09-4008-A8DF-3E7D823060E6}.Debug|x64.Build.0 = Debug|x64
		{44A04A02-EF09-4008-A8DF-3E7D823060E6}.Release|Any CPU.ActiveCfg = Release|x64
		{44A04A02-EF09-4008-A8DF-3E7D823060E6}.Release|x64.ActiveCfg = Release|x64
		{44A04A02-EF09-4008-A8DF-3E7D823060E6}.Release|x64.Build.0 = Release|x64
		{FEBE445F-46AD-40D4-B620-3E4DF21D4BBB}.Debug|Any CPU.ActiveCfg = Debug|Any CPU
		{FEBE445F-46AD-40D4-B620-3E4DF21D4BBB}.Debug|Any CPU.Build.0 = Debug|Any CPU
		{FEBE445F-46AD-40D4-B620-3E4DF21D4BBB}.Debug|x64.ActiveCfg = Debug|Any CPU
		{FEBE445F-46AD-40D4-B620-3E4DF21D4BBB}.Debug|x64.Build.0 = Debug|Any CPU
		{FEBE445F-46AD-40D4-B620-3E4DF21D4BBB}.Release|Any CPU.ActiveCfg = Release|Any CPU
		{FEBE445F-46AD-40D4-B620-3E4DF21D4BBB}.Release|Any CPU.Build.0 = Release|Any CPU
		{FEBE445F-46AD-40D4-B620-3E4DF21D4BBB}.Release|x64.ActiveCfg = Release|Any CPU
		{FEBE445F-46AD-40D4-B620-3E4DF21D4BBB}.Release|x64.Build.0 = Release|Any CPU
	EndGlobalSection
	GlobalSection(SolutionProperties) = preSolution
		HideSolutionNode = FALSE
	EndGlobalSection
	GlobalSection(ExtensibilityGlobals) = postSolution
		SolutionGuid = {B72005E5-2A2B-42F3-A4EB-0A31F820B845}
	EndGlobalSection
EndGlobal
